
Microsoft Visual Studio Solution File, Format Version 12.00
# Visual Studio Version 17
VisualStudioVersion = 17.12.35514.174
MinimumVisualStudioVersion = 10.0.40219.1
Project("{FAE04EC0-301F-11D3-BF4B-00C04F79EFBC}") = "Sylvia ou La Nymphe de Diane", "Sylvia ou La Nymphe de Diane.csproj", "{06932BBE-29DA-4A92-9861-E86A6AE0A83D}"
EndProject
Project("{2150E333-8FDC-42A3-9474-1A3956D46DE8}") = "Elementos de la solución", "Elementos de la solución", "{28EC9A92-60B4-4804-86CD-5E30556615FC}"
EndProject
Global
	GlobalSection(SolutionConfigurationPlatforms) = preSolution
		Debug|Any CPU = Debug|Any CPU
		Release|Any CPU = Release|Any CPU
	EndGlobalSection
	GlobalSection(ProjectConfigurationPlatforms) = postSolution
		{06932BBE-29DA-4A92-9861-E86A6AE0A83D}.Debug|Any CPU.ActiveCfg = Debug|Any CPU
		{06932BBE-29DA-4A92-9861-E86A6AE0A83D}.Debug|Any CPU.Build.0 = Debug|Any CPU
		{06932BBE-29DA-4A92-9861-E86A6AE0A83D}.Release|Any CPU.ActiveCfg = Release|Any CPU
		{06932BBE-29DA-4A92-9861-E86A6AE0A83D}.Release|Any CPU.Build.0 = Release|Any CPU
	EndGlobalSection
	GlobalSection(SolutionProperties) = preSolution
		HideSolutionNode = FALSE
	EndGlobalSection
EndGlobal
